
Microsoft Visual Studio Solution File, Format Version 12.00
# Visual Studio Version 17
VisualStudioVersion = 17.6.33717.318
MinimumVisualStudioVersion = 10.0.40219.1
Project("{9A19103F-16F7-4668-BE54-9A1E7A4F7556}") = "Faraway.Main", "Faraway.Main\Faraway.Main.csproj", "{5F01CF18-2092-46C2-A99E-88C346776015}"
EndProject
Project("{2150E333-8FDC-42A3-9474-1A3956D46DE8}") = "Solution Items", "Solution Items", "{15A605E9-B333-4E6D-8E92-F1C87F363B8E}"
	ProjectSection(SolutionItems) = preProject
		.editorconfig = .editorconfig
		README.md = README.md
	EndProjectSection
EndProject
Project("{9A19103F-16F7-4668-BE54-9A1E7A4F7556}") = "Faraway.Engine", "Faraway.Engine\Faraway.Engine.csproj", "{DF4256B8-DDB4-41BE-B96A-3C142DDDA517}"
EndProject
Project("{FAE04EC0-301F-11D3-BF4B-00C04F79EFBC}") = "Faraway.Engine.Tests", "Faraway.Engine.Tests\Faraway.Engine.Tests.csproj", "{E10EE868-0E57-4584-9344-CDFBCCEA1F2B}"
	ProjectSection(ProjectDependencies) = postProject
		{DF4256B8-DDB4-41BE-B96A-3C142DDDA517} = {DF4256B8-DDB4-41BE-B96A-3C142DDDA517}
	EndProjectSection
EndProject
Project("{FAE04EC0-301F-11D3-BF4B-00C04F79EFBC}") = "Faraway.Engine.Editor", "Faraway.Engine.Editor\Faraway.Engine.Editor.csproj", "{059E8F37-4B5D-47AA-ABA8-43AF8C612A08}"
EndProject
Global
	GlobalSection(SolutionConfigurationPlatforms) = preSolution
		Debug|Any CPU = Debug|Any CPU
		Release|Any CPU = Release|Any CPU
	EndGlobalSection
	GlobalSection(ProjectConfigurationPlatforms) = postSolution
		{5F01CF18-2092-46C2-A99E-88C346776015}.Debug|Any CPU.ActiveCfg = Debug|Any CPU
		{5F01CF18-2092-46C2-A99E-88C346776015}.Debug|Any CPU.Build.0 = Debug|Any CPU
		{5F01CF18-2092-46C2-A99E-88C346776015}.Release|Any CPU.ActiveCfg = Release|Any CPU
		{5F01CF18-2092-46C2-A99E-88C346776015}.Release|Any CPU.Build.0 = Release|Any CPU
		{DF4256B8-DDB4-41BE-B96A-3C142DDDA517}.Debug|Any CPU.ActiveCfg = Debug|Any CPU
		{DF4256B8-DDB4-41BE-B96A-3C142DDDA517}.Debug|Any CPU.Build.0 = Debug|Any CPU
		{DF4256B8-DDB4-41BE-B96A-3C142DDDA517}.Release|Any CPU.ActiveCfg = Release|Any CPU
		{DF4256B8-DDB4-41BE-B96A-3C142DDDA517}.Release|Any CPU.Build.0 = Release|Any CPU
		{E10EE868-0E57-4584-9344-CDFBCCEA1F2B}.Debug|Any CPU.ActiveCfg = Debug|Any CPU
		{E10EE868-0E57-4584-9344-CDFBCCEA1F2B}.Debug|Any CPU.Build.0 = Debug|Any CPU
		{E10EE868-0E57-4584-9344-CDFBCCEA1F2B}.Release|Any CPU.ActiveCfg = Release|Any CPU
		{E10EE868-0E57-4584-9344-CDFBCCEA1F2B}.Release|Any CPU.Build.0 = Release|Any CPU
		{059E8F37-4B5D-47AA-ABA8-43AF8C612A08}.Debug|Any CPU.ActiveCfg = Debug|Any CPU
		{059E8F37-4B5D-47AA-ABA8-43AF8C612A08}.Debug|Any CPU.Build.0 = Debug|Any CPU
		{059E8F37-4B5D-47AA-ABA8-43AF8C612A08}.Release|Any CPU.ActiveCfg = Release|Any CPU
		{059E8F37-4B5D-47AA-ABA8-43AF8C612A08}.Release|Any CPU.Build.0 = Release|Any CPU
	EndGlobalSection
	GlobalSection(SolutionProperties) = preSolution
		HideSolutionNode = FALSE
	EndGlobalSection
	GlobalSection(ExtensibilityGlobals) = postSolution
		SolutionGuid = {3B41BEBF-1770-4CDD-9BB1-87EE35D2A997}
	EndGlobalSection
EndGlobal
